<?xml version="1.0" encoding="utf-8"?>
<Project ToolsVersion="4.0" xmlns="http://schemas.microsoft.com/developer/msbuild/2003">
  <ItemGroup>
    <ClCompile Include="..\..\src\RenderModule\DebugDrawer.cpp">
      <Filter>Archivos de origen</Filter>
    </ClCompile>
    <ClCompile Include="..\..\src\RenderModule\RenderLight.cpp">
      <Filter>Archivos de origen</Filter>
    </ClCompile>
    <ClCompile Include="..\..\src\RenderModule\RenderManager.cpp">
      <Filter>Archivos de origen</Filter>
    </ClCompile>
    <ClCompile Include="..\..\src\RenderModule\RenderObject.cpp">
      <Filter>Archivos de origen</Filter>
    </ClCompile>
    <ClCompile Include="..\..\src\RenderModule\RenderScene.cpp">
      <Filter>Archivos de origen</Filter>
    </ClCompile>
    <ClCompile Include="..\..\src\RenderModule\RenderSceneManager.cpp">
      <Filter>Archivos de origen</Filter>
    </ClCompile>
    <ClCompile Include="..\..\src\RenderModule\UIManager.cpp">
      <Filter>Archivos de origen</Filter>
    </ClCompile>
    <ClCompile Include="..\..\src\RenderModule\Backends\OgreBackend.cpp">
      <Filter>Archivos de origen\Backends</Filter>
    </ClCompile>
    <ClCompile Include="..\..\src\RenderModule\Backends\D3D12Backend.cpp">
      <Filter>Archivos de origen\Backends</Filter>
    </ClCompile>
    <ClCompile Include="..\..\src\RenderModule\Backends\D3D12SceneBackend.cpp">
      <Filter>Archivos de origen\Backends</Filter>
    </ClCompile>
    <ClCompile Include="..\..\src\RenderModule\Backends\OgreSceneBackend.cpp">
      <Filter>Archivos de origen\Backends</Filter>
    </ClCompile>
  </ItemGroup>
  <ItemGroup>
    <ClInclude Include="..\..\src\RenderModule\DebugDrawer.h">
      <Filter>Archivos de encabezado</Filter>
    </ClInclude>
    <ClInclude Include="..\..\src\RenderModule\RenderLight.h">
      <Filter>Archivos de encabezado</Filter>
    </ClInclude>
    <ClInclude Include="..\..\src\RenderModule\RenderManager.h">
      <Filter>Archivos de encabezado</Filter>
    </ClInclude>
    <ClInclude Include="..\..\src\RenderModule\RenderObject.h">
      <Filter>Archivos de encabezado</Filter>
    </ClInclude>
    <ClInclude Include="..\..\src\RenderModule\RenderScene.h">
      <Filter>Archivos de encabezado</Filter>
    </ClInclude>
    <ClInclude Include="..\..\src\RenderModule\RenderSceneManager.h">
      <Filter>Archivos de encabezado</Filter>
    </ClInclude>
    <ClInclude Include="..\..\src\RenderModule\UIManager.h">
      <Filter>Archivos de encabezado</Filter>
    </ClInclude>
    <ClInclude Include="..\..\src\RenderModule\Backends\IRenderBackend.h">
      <Filter>Archivos de encabezado\Backends</Filter>
    </ClInclude>
    <ClInclude Include="..\..\src\RenderModule\Backends\OgreBackend.h">
      <Filter>Archivos de encabezado\Backends</Filter>
    </ClInclude>
    <ClInclude Include="..\..\src\RenderModule\Backends\D3D12Backend.h">
      <Filter>Archivos de encabezado\Backends</Filter>
    </ClInclude>
    <ClInclude Include="..\..\src\RenderModule\Backends\D3D12SceneBackend.h">
      <Filter>Archivos de encabezado\Backends</Filter>
    </ClInclude>
    <ClInclude Include="..\..\src\RenderModule\Backends\OgreSceneBackend.h">
      <Filter>Archivos de encabezado\Backends</Filter>
    </ClInclude>
    <ClInclude Include="..\..\src\RenderModule\Backends\IRenderSceneBackend.h">
      <Filter>Archivos de encabezado\Backends</Filter>
    </ClInclude>
    <ClInclude Include="..\..\src\RenderModule\Backends\D3D12Types.h">
      <Filter>Archivos de encabezado\Backends</Filter>
    </ClInclude>
  </ItemGroup>
  <ItemGroup>
    <Filter Include="Archivos de encabezado">
      <UniqueIdentifier>{fc92133d-00b2-46eb-92ca-8b955cb1423d}</UniqueIdentifier>
    </Filter>
    <Filter Include="Archivos de origen">
      <UniqueIdentifier>{b0899f2c-89e6-43aa-a90a-bd35b2c57b4d}</UniqueIdentifier>
    </Filter>
    <Filter Include="Archivos de recursos">
      <UniqueIdentifier>{6eef6b69-6950-415b-a64c-0b332ab53624}</UniqueIdentifier>
    </Filter>
    <Filter Include="Archivos de encabezado\Backends">
      <UniqueIdentifier>{3bdf8f9a-0693-42bb-89e2-0125ef24ae36}</UniqueIdentifier>
    </Filter>
    <Filter Include="Archivos de origen\Backends">
      <UniqueIdentifier>{f069f372-79a3-46eb-ae54-096e564dc6bf}</UniqueIdentifier>
    </Filter>
  </ItemGroup>
</Project>