Microsoft Visual Studio Solution File, Format Version 12.00
# Visual Studio Version 17
VisualStudioVersion = 17.12.35707.178
MinimumVisualStudioVersion = 10.0.40219.1
Project("{8BC9CEB8-8B4A-11D0-8D11-00A0C91BC942}") = "RenderModule", "projects\RenderModule\RenderModule.vcxproj", "{9A2C24BD-6204-4A16-B2C8-AF2209AD851D}"
EndProject
Project("{8BC9CEB8-8B4A-11D0-8D11-00A0C91BC942}") = "EngineCore", "projects\EngineCore\EngineCore.vcxproj", "{BC416938-B283-4481-9430-989B21920E1F}"
	ProjectSection(ProjectDependencies) = postProject
		{0DD0B9DF-B91B-420F-90ED-21CF5C819BB2} = {0DD0B9DF-B91B-420F-90ED-21CF5C819BB2}
		{4B8D1771-5E3C-48A8-BEAA-1418B23E0365} = {4B8D1771-5E3C-48A8-BEAA-1418B23E0365}
		{840D4BD6-3DF3-4449-898A-A0276A378DD8} = {840D4BD6-3DF3-4449-898A-A0276A378DD8}
		{972B5740-F9A7-4C67-B881-BFEF854DD784} = {972B5740-F9A7-4C67-B881-BFEF854DD784}
		{9A2C24BD-6204-4A16-B2C8-AF2209AD851D} = {9A2C24BD-6204-4A16-B2C8-AF2209AD851D}
		{C6A4DC9E-2311-42BA-B29F-1B831D9874F1} = {C6A4DC9E-2311-42BA-B29F-1B831D9874F1}
		{D822FF1B-7A9B-4C09-AA9C-74EC67F95048} = {D822FF1B-7A9B-4C09-AA9C-74EC67F95048}
	EndProjectSection
EndProject
Project("{8BC9CEB8-8B4A-11D0-8D11-00A0C91BC942}") = "PhysicsModule", "projects\PhysicsModule\PhysicsModule.vcxproj", "{D822FF1B-7A9B-4C09-AA9C-74EC67F95048}"
EndProject
Project("{8BC9CEB8-8B4A-11D0-8D11-00A0C91BC942}") = "AudioModule", "projects\AudioModule\AudioModule.vcxproj", "{4B8D1771-5E3C-48A8-BEAA-1418B23E0365}"
EndProject
Project("{8BC9CEB8-8B4A-11D0-8D11-00A0C91BC942}") = "InputModule", "projects\InputModule\InputModule.vcxproj", "{972B5740-F9A7-4C67-B881-BFEF854DD784}"
EndProject
Project("{8BC9CEB8-8B4A-11D0-8D11-00A0C91BC942}") = "UtilsModule", "projects\UtilsModule\UtilsModule.vcxproj", "{840D4BD6-3DF3-4449-898A-A0276A378DD8}"
EndProject
Project("{8BC9CEB8-8B4A-11D0-8D11-00A0C91BC942}") = "ECModule", "projects\ECModule\ECModule.vcxproj", "{C6A4DC9E-2311-42BA-B29F-1B831D9874F1}"
EndProject
Project("{8BC9CEB8-8B4A-11D0-8D11-00A0C91BC942}") = "ExportModule", "projects\ExportModule\ExportModule.vcxproj", "{0DD0B9DF-B91B-420F-90ED-21CF5C819BB2}"
	ProjectSection(ProjectDependencies) = postProject
		{4B8D1771-5E3C-48A8-BEAA-1418B23E0365} = {4B8D1771-5E3C-48A8-BEAA-1418B23E0365}
		{840D4BD6-3DF3-4449-898A-A0276A378DD8} = {840D4BD6-3DF3-4449-898A-A0276A378DD8}
		{972B5740-F9A7-4C67-B881-BFEF854DD784} = {972B5740-F9A7-4C67-B881-BFEF854DD784}
		{9A2C24BD-6204-4A16-B2C8-AF2209AD851D} = {9A2C24BD-6204-4A16-B2C8-AF2209AD851D}
		{BB3605B6-987D-4516-91C1-C4203BD28301} = {BB3605B6-987D-4516-91C1-C4203BD28301}
		{C6A4DC9E-2311-42BA-B29F-1B831D9874F1} = {C6A4DC9E-2311-42BA-B29F-1B831D9874F1}
		{D822FF1B-7A9B-4C09-AA9C-74EC67F95048} = {D822FF1B-7A9B-4C09-AA9C-74EC67F95048}
	EndProjectSection
EndProject
Project("{8BC9CEB8-8B4A-11D0-8D11-00A0C91BC942}") = "ScriptingModule", "projects\ScriptingModule\ScriptingModule.vcxproj", "{BB3605B6-987D-4516-91C1-C4203BD28301}"
EndProject
Global
	GlobalSection(SolutionConfigurationPlatforms) = preSolution
		Debug|x64 = Debug|x64
		Release|x64 = Release|x64
	EndGlobalSection
	GlobalSection(ProjectConfigurationPlatforms) = postSolution
		{9A2C24BD-6204-4A16-B2C8-AF2209AD851D}.Debug|x64.ActiveCfg = Debug|x64
		{9A2C24BD-6204-4A16-B2C8-AF2209AD851D}.Debug|x64.Build.0 = Debug|x64
		{9A2C24BD-6204-4A16-B2C8-AF2209AD851D}.Release|x64.ActiveCfg = Release|x64
		{9A2C24BD-6204-4A16-B2C8-AF2209AD851D}.Release|x64.Build.0 = Release|x64
		{BC416938-B283-4481-9430-989B21920E1F}.Debug|x64.ActiveCfg = Debug|x64
		{BC416938-B283-4481-9430-989B21920E1F}.Debug|x64.Build.0 = Debug|x64
		{BC416938-B283-4481-9430-989B21920E1F}.Release|x64.ActiveCfg = Release|x64
		{BC416938-B283-4481-9430-989B21920E1F}.Release|x64.Build.0 = Release|x64
		{D822FF1B-7A9B-4C09-AA9C-74EC67F95048}.Debug|x64.ActiveCfg = Debug|x64
		{D822FF1B-7A9B-4C09-AA9C-74EC67F95048}.Debug|x64.Build.0 = Debug|x64
		{D822FF1B-7A9B-4C09-AA9C-74EC67F95048}.Release|x64.ActiveCfg = Release|x64
		{D822FF1B-7A9B-4C09-AA9C-74EC67F95048}.Release|x64.Build.0 = Release|x64
		{4B8D1771-5E3C-48A8-BEAA-1418B23E0365}.Debug|x64.ActiveCfg = Debug|x64
		{4B8D1771-5E3C-48A8-BEAA-1418B23E0365}.Debug|x64.Build.0 = Debug|x64
		{4B8D1771-5E3C-48A8-BEAA-1418B23E0365}.Release|x64.ActiveCfg = Release|x64
		{4B8D1771-5E3C-48A8-BEAA-1418B23E0365}.Release|x64.Build.0 = Release|x64
		{972B5740-F9A7-4C67-B881-BFEF854DD784}.Debug|x64.ActiveCfg = Debug|x64
		{972B5740-F9A7-4C67-B881-BFEF854DD784}.Debug|x64.Build.0 = Debug|x64
		{972B5740-F9A7-4C67-B881-BFEF854DD784}.Release|x64.ActiveCfg = Release|x64
		{972B5740-F9A7-4C67-B881-BFEF854DD784}.Release|x64.Build.0 = Release|x64
		{840D4BD6-3DF3-4449-898A-A0276A378DD8}.Debug|x64.ActiveCfg = Debug|x64
		{840D4BD6-3DF3-4449-898A-A0276A378DD8}.Debug|x64.Build.0 = Debug|x64
		{840D4BD6-3DF3-4449-898A-A0276A378DD8}.Release|x64.ActiveCfg = Release|x64
		{840D4BD6-3DF3-4449-898A-A0276A378DD8}.Release|x64.Build.0 = Release|x64
		{C6A4DC9E-2311-42BA-B29F-1B831D9874F1}.Debug|x64.ActiveCfg = Debug|x64
		{C6A4DC9E-2311-42BA-B29F-1B831D9874F1}.Debug|x64.Build.0 = Debug|x64
		{C6A4DC9E-2311-42BA-B29F-1B831D9874F1}.Release|x64.ActiveCfg = Release|x64
		{C6A4DC9E-2311-42BA-B29F-1B831D9874F1}.Release|x64.Build.0 = Release|x64
		{0DD0B9DF-B91B-420F-90ED-21CF5C819BB2}.Debug|x64.ActiveCfg = Debug|x64
		{0DD0B9DF-B91B-420F-90ED-21CF5C819BB2}.Debug|x64.Build.0 = Debug|x64
		{0DD0B9DF-B91B-420F-90ED-21CF5C819BB2}.Release|x64.ActiveCfg = Release|x64
		{0DD0B9DF-B91B-420F-90ED-21CF5C819BB2}.Release|x64.Build.0 = Release|x64
		{BB3605B6-987D-4516-91C1-C4203BD28301}.Debug|x64.ActiveCfg = Debug|x64
		{BB3605B6-987D-4516-91C1-C4203BD28301}.Debug|x64.Build.0 = Debug|x64
		{BB3605B6-987D-4516-91C1-C4203BD28301}.Release|x64.ActiveCfg = Release|x64
		{BB3605B6-987D-4516-91C1-C4203BD28301}.Release|x64.Build.0 = Release|x64
	EndGlobalSection
	GlobalSection(SolutionProperties) = preSolution
		HideSolutionNode = FALSE
	EndGlobalSection
	GlobalSection(ExtensibilityGlobals) = postSolution
		SolutionGuid = {A0F7B623-A259-4553-99A4-F657FCCFDB59}
	EndGlobalSection
EndGlobal
